
Microsoft Visual Studio Solution File, Format Version 12.00
# Visual Studio 2012
Project("{FAE04EC0-301F-11D3-BF4B-00C04F79EFBC}") = "MPAndroidChart", "BindingMPAndroidChart\MPAndroidChart.csproj", "{63A075C8-CAD8-4302-B85F-1CC71CAD28BF}"
EndProject
Project("{FAE04EC0-301F-11D3-BF4B-00C04F79EFBC}") = "SampleChart", "SampleChart\SampleChart.csproj", "{BBDA507A-6866-4A61-98B9-357B6501AA72}"
EndProject
Project("{FAE04EC0-301F-11D3-BF4B-00C04F79EFBC}") = "SampleChart.UITests", "SampleChart.UITests\SampleChart.UITests.csproj", "{43F9C146-FAA3-4BF8-BACF-15A31FD2A209}"
EndProject
Global
	GlobalSection(SolutionConfigurationPlatforms) = preSolution
		Debug|Any CPU = Debug|Any CPU
		Release|Any CPU = Release|Any CPU
	EndGlobalSection
	GlobalSection(ProjectConfigurationPlatforms) = postSolution
		{43F9C146-FAA3-4BF8-BACF-15A31FD2A209}.Debug|Any CPU.ActiveCfg = Debug|Any CPU
		{43F9C146-FAA3-4BF8-BACF-15A31FD2A209}.Debug|Any CPU.Build.0 = Debug|Any CPU
		{43F9C146-FAA3-4BF8-BACF-15A31FD2A209}.Release|Any CPU.ActiveCfg = Release|Any CPU
		{43F9C146-FAA3-4BF8-BACF-15A31FD2A209}.Release|Any CPU.Build.0 = Release|Any CPU
		{63A075C8-CAD8-4302-B85F-1CC71CAD28BF}.Debug|Any CPU.ActiveCfg = Debug|Any CPU
		{63A075C8-CAD8-4302-B85F-1CC71CAD28BF}.Debug|Any CPU.Build.0 = Debug|Any CPU
		{63A075C8-CAD8-4302-B85F-1CC71CAD28BF}.Release|Any CPU.ActiveCfg = Release|Any CPU
		{63A075C8-CAD8-4302-B85F-1CC71CAD28BF}.Release|Any CPU.Build.0 = Release|Any CPU
		{BBDA507A-6866-4A61-98B9-357B6501AA72}.Debug|Any CPU.ActiveCfg = Debug|Any CPU
		{BBDA507A-6866-4A61-98B9-357B6501AA72}.Debug|Any CPU.Build.0 = Debug|Any CPU
		{BBDA507A-6866-4A61-98B9-357B6501AA72}.Release|Any CPU.ActiveCfg = Release|Any CPU
		{BBDA507A-6866-4A61-98B9-357B6501AA72}.Release|Any CPU.Build.0 = Release|Any CPU
	EndGlobalSection
EndGlobal
